# This file is automatically @generated by Cargo.
# It is not intended for manual editing.
version = 3

[[package]]
name = "arrayvec"
version = "0.7.2"
source = "registry+https://github.com/rust-lang/crates.io-index"
checksum = "8da52d66c7071e2e3fa2a1e5c6d088fec47b593032b254f5e980de8ea54454d6"

[[package]]
name = "monster-ugi"
version = "0.1.0"
dependencies = [
 "monster_chess",
]

[[package]]
name = "monster_chess"
version = "0.0.1"
source = "registry+https://github.com/rust-lang/crates.io-index"
checksum = "36ecdc073aa13893fa0a4b1031b9a32c1d13da841bfa49256059e7edc313214e"
dependencies = [
 "arrayvec",
 "shell-words",
]

[[package]]
name = "shell-words"
version = "1.1.0"
source = "registry+https://github.com/rust-lang/crates.io-index"
checksum = "24188a676b6ae68c3b2cb3a01be17fbf7240ce009799bb56d5b1409051e78fde"
